
Microsoft Visual Studio Solution File, Format Version 12.00
# Visual Studio 15
VisualStudioVersion = 15.0.28307.779
MinimumVisualStudioVersion = 10.0.40219.1
Project("{9A19103F-16F7-4668-BE54-9A1E7A4F7556}") = "UnityBot3K", "UnityBot3000\UnityBot3K.csproj", "{FE69CD73-B1FC-4824-99BF-A8FC79941C48}"
EndProject
Project("{9A19103F-16F7-4668-BE54-9A1E7A4F7556}") = "UnityBot3K.xUnit.Tests", "UnityBot3000.xUnit.Tests\UnityBot3K.xUnit.Tests.csproj", "{4BAA4239-7ADC-4067-B3AC-7FF2AC6DFE1B}"
EndProject
Global
	GlobalSection(SolutionConfigurationPlatforms) = preSolution
		Debug|Any CPU = Debug|Any CPU
		Release|Any CPU = Release|Any CPU
	EndGlobalSection
	GlobalSection(ProjectConfigurationPlatforms) = postSolution
		{FE69CD73-B1FC-4824-99BF-A8FC79941C48}.Debug|Any CPU.ActiveCfg = Debug|Any CPU
		{FE69CD73-B1FC-4824-99BF-A8FC79941C48}.Debug|Any CPU.Build.0 = Debug|Any CPU
		{FE69CD73-B1FC-4824-99BF-A8FC79941C48}.Release|Any CPU.ActiveCfg = Release|Any CPU
		{FE69CD73-B1FC-4824-99BF-A8FC79941C48}.Release|Any CPU.Build.0 = Release|Any CPU
		{4BAA4239-7ADC-4067-B3AC-7FF2AC6DFE1B}.Debug|Any CPU.ActiveCfg = Debug|Any CPU
		{4BAA4239-7ADC-4067-B3AC-7FF2AC6DFE1B}.Debug|Any CPU.Build.0 = Debug|Any CPU
		{4BAA4239-7ADC-4067-B3AC-7FF2AC6DFE1B}.Release|Any CPU.ActiveCfg = Release|Any CPU
		{4BAA4239-7ADC-4067-B3AC-7FF2AC6DFE1B}.Release|Any CPU.Build.0 = Release|Any CPU
	EndGlobalSection
	GlobalSection(SolutionProperties) = preSolution
		HideSolutionNode = FALSE
	EndGlobalSection
	GlobalSection(ExtensibilityGlobals) = postSolution
		SolutionGuid = {B96A68AF-CE68-4FBB-93FA-792A9D9DD88C}
	EndGlobalSection
EndGlobal
